{
  "name": "anoni",
  "lockfileVersion": 3,
  "requires": true,
  "packages": {
    "": {
      "dependencies": {
        "tunnel-packer": "^1.4.2"
      }
    },
    "node_modules/tunnel-packer": {
      "version": "1.4.2",
      "resolved": "https://registry.npmjs.org/tunnel-packer/-/tunnel-packer-1.4.2.tgz",
      "integrity": "sha512-TFS0GNYsmynqZYAmCC4VS8PkoPpC6y9Yb4AA9DQXOSz3XyHYxG09T2mcLFBpVSIU62scrA4TJiynRUVjLVj7Mg==",
      "license": "(MIT OR Apache-2.0)"
    }
  }
}
